
Microsoft Visual Studio Solution File, Format Version 12.00
# Visual Studio Version 17
VisualStudioVersion = 17.9.34622.214
MinimumVisualStudioVersion = 10.0.40219.1
Project("{9A19103F-16F7-4668-BE54-9A1E7A4F7556}") = "ProjectASPNET", "ProjectASPNET\ProjectASPNET.csproj", "{88355695-907A-4578-BA11-5904483A0B0A}"
EndProject
Project("{9A19103F-16F7-4668-BE54-9A1E7A4F7556}") = "Infrastructure", "Infrastructure\Infrastructure.csproj", "{7C1373EF-2C8C-469D-9436-0D61EBED2FF8}"
EndProject
Project("{FAE04EC0-301F-11D3-BF4B-00C04F79EFBC}") = "WebApi", "WebApi\WebApi.csproj", "{9FBFDB95-19A2-4085-B444-F85AF26491D3}"
EndProject
Global
	GlobalSection(SolutionConfigurationPlatforms) = preSolution
		Debug|Any CPU = Debug|Any CPU
		Release|Any CPU = Release|Any CPU
	EndGlobalSection
	GlobalSection(ProjectConfigurationPlatforms) = postSolution
		{88355695-907A-4578-BA11-5904483A0B0A}.Debug|Any CPU.ActiveCfg = Debug|Any CPU
		{88355695-907A-4578-BA11-5904483A0B0A}.Debug|Any CPU.Build.0 = Debug|Any CPU
		{88355695-907A-4578-BA11-5904483A0B0A}.Release|Any CPU.ActiveCfg = Release|Any CPU
		{88355695-907A-4578-BA11-5904483A0B0A}.Release|Any CPU.Build.0 = Release|Any CPU
		{7C1373EF-2C8C-469D-9436-0D61EBED2FF8}.Debug|Any CPU.ActiveCfg = Debug|Any CPU
		{7C1373EF-2C8C-469D-9436-0D61EBED2FF8}.Debug|Any CPU.Build.0 = Debug|Any CPU
		{7C1373EF-2C8C-469D-9436-0D61EBED2FF8}.Release|Any CPU.ActiveCfg = Release|Any CPU
		{7C1373EF-2C8C-469D-9436-0D61EBED2FF8}.Release|Any CPU.Build.0 = Release|Any CPU
		{9FBFDB95-19A2-4085-B444-F85AF26491D3}.Debug|Any CPU.ActiveCfg = Debug|Any CPU
		{9FBFDB95-19A2-4085-B444-F85AF26491D3}.Debug|Any CPU.Build.0 = Debug|Any CPU
		{9FBFDB95-19A2-4085-B444-F85AF26491D3}.Release|Any CPU.ActiveCfg = Release|Any CPU
		{9FBFDB95-19A2-4085-B444-F85AF26491D3}.Release|Any CPU.Build.0 = Release|Any CPU
	EndGlobalSection
	GlobalSection(SolutionProperties) = preSolution
		HideSolutionNode = FALSE
	EndGlobalSection
	GlobalSection(ExtensibilityGlobals) = postSolution
		SolutionGuid = {1FA5F1FB-6842-4CDF-B292-6EF2456DF3D8}
	EndGlobalSection
EndGlobal
